// !$*UTF8*$!
{
	archiveVersion = 1;
	classes = {
	};
	objectVersion = 50;
	objects = {

/* Begin PBXBuildFile section */
		529C4AD0219B561F009B50F9 /* AppDelegate.swift in Sources */ = {isa = PBXBuildFile; fileRef = 529C4ACF219B561F009B50F9 /* AppDelegate.swift */; };
		529C4AD2219B561F009B50F9 /* ViewController.swift in Sources */ = {isa = PBXBuildFile; fileRef = 529C4AD1219B561F009B50F9 /* ViewController.swift */; };
		529C4AD5219B561F009B50F9 /* Main.storyboard in Resources */ = {isa = PBXBuildFile; fileRef = 529C4AD3219B561F009B50F9 /* Main.storyboard */; };
		529C4AD8219B561F009B50F9 /* ChristmasList.xcdatamodeld in Sources */ = {isa = PBXBuildFile; fileRef = 529C4AD6219B561F009B50F9 /* ChristmasList.xcdatamodeld */; };
		529C4ADA219B5620009B50F9 /* Assets.xcassets in Resources */ = {isa = PBXBuildFile; fileRef = 529C4AD9219B5620009B50F9 /* Assets.xcassets */; };
		529C4ADD219B5620009B50F9 /* LaunchScreen.storyboard in Resources */ = {isa = PBXBuildFile; fileRef = 529C4ADB219B5620009B50F9 /* LaunchScreen.storyboard */; };
		529C4AE8219B5621009B50F9 /* ChristmasListUITests.swift in Sources */ = {isa = PBXBuildFile; fileRef = 529C4AE7219B5621009B50F9 /* ChristmasListUITests.swift */; };
/* End PBXBuildFile section */

/* Begin PBXContainerItemProxy section */
		529C4AE4219B5621009B50F9 /* PBXContainerItemProxy */ = {
			isa = PBXContainerItemProxy;
			containerPortal = 529C4AC4219B561F009B50F9 /* Project object */;
			proxyType = 1;
			remoteGlobalIDString = 529C4ACB219B561F009B50F9;
			remoteInfo = ChristmasList;
		};
/* End PBXContainerItemProxy section */

/* Begin PBXFileReference section */
		529C4ACC219B561F009B50F9 /* ChristmasList.app */ = {isa = PBXFileReference; explicitFileType = wrapper.application; includeInIndex = 0; path = ChristmasList.app; sourceTree = BUILT_PRODUCTS_DIR; };
		529C4ACF219B561F009B50F9 /* AppDelegate.swift */ = {isa = PBXFileReference; lastKnownFileType = sourcecode.swift; path = AppDelegate.swift; sourceTree = "<group>"; };
		529C4AD1219B561F009B50F9 /* ViewController.swift */ = {isa = PBXFileReference; lastKnownFileType = sourcecode.swift; path = ViewController.swift; sourceTree = "<group>"; };
		529C4AD4219B561F009B50F9 /* Base */ = {isa = PBXFileReference; lastKnownFileType = file.storyboard; name = Base; path = Base.lproj/Main.storyboard; sourceTree = "<group>"; };
		529C4AD7219B561F009B50F9 /* ChristmasList.xcdatamodel */ = {isa = PBXFileReference; lastKnownFileType = wrapper.xcdatamodel; path = ChristmasList.xcdatamodel; sourceTree = "<group>"; };
		529C4AD9219B5620009B50F9 /* Assets.xcassets */ = {isa = PBXFileReference; lastKnownFileType = folder.assetcatalog; path = Assets.xcassets; sourceTree = "<group>"; };
		529C4ADC219B5620009B50F9 /* Base */ = {isa = PBXFileReference; lastKnownFileType = file.storyboard; name = Base; path = Base.lproj/LaunchScreen.storyboard; sourceTree = "<group>"; };
		529C4ADE219B5620009B50F9 /* Info.plist */ = {isa = PBXFileReference; lastKnownFileType = text.plist.xml; path = Info.plist; sourceTree = "<group>"; };
		529C4AE3219B5621009B50F9 /* ChristmasListUITests.xctest */ = {isa = PBXFileReference; explicitFileType = wrapper.cfbundle; includeInIndex = 0; path = ChristmasListUITests.xctest; sourceTree = BUILT_PRODUCTS_DIR; };
		529C4AE7219B5621009B50F9 /* ChristmasListUITests.swift */ = {isa = PBXFileReference; lastKnownFileType = sourcecode.swift; path = ChristmasListUITests.swift; sourceTree = "<group>"; };
		529C4AE9219B5621009B50F9 /* Info.plist */ = {isa = PBXFileReference; lastKnownFileType = text.plist.xml; path = Info.plist; sourceTree = "<group>"; };
/* End PBXFileReference section */

/* Begin PBXFrameworksBuildPhase section */
		529C4AC9219B561F009B50F9 /* Frameworks */ = {
			isa = PBXFrameworksBuildPhase;
			buildActionMask = 2147483647;
			files = (
			);
			runOnlyForDeploymentPostprocessing = 0;
		};
		529C4AE0219B5621009B50F9 /* Frameworks */ = {
			isa = PBXFrameworksBuildPhase;
			buildActionMask = 2147483647;
			files = (
			);
			runOnlyForDeploymentPostprocessing = 0;
		};
/* End PBXFrameworksBuildPhase section */

/* Begin PBXGroup section */
		529C4AC3219B561F009B50F9 = {
			isa = PBXGroup;
			children = (
				529C4ACE219B561F009B50F9 /* ChristmasList */,
				529C4AE6219B5621009B50F9 /* ChristmasListUITests */,
				529C4ACD219B561F009B50F9 /* Products */,
			);
			sourceTree = "<group>";
		};
		529C4ACD219B561F009B50F9 /* Products */ = {
			isa = PBXGroup;
			children = (
				529C4ACC219B561F009B50F9 /* ChristmasList.app */,
				529C4AE3219B5621009B50F9 /* ChristmasListUITests.xctest */,
			);
			name = Products;
			sourceTree = "<group>";
		};
		529C4ACE219B561F009B50F9 /* ChristmasList */ = {
			isa = PBXGroup;
			children = (
				529C4ACF219B561F009B50F9 /* AppDelegate.swift */,
				529C4AD1219B561F009B50F9 /* ViewController.swift */,
				529C4AD3219B561F009B50F9 /* Main.storyboard */,
				529C4AD9219B5620009B50F9 /* Assets.xcassets */,
				529C4ADB219B5620009B50F9 /* LaunchScreen.storyboard */,
				529C4ADE219B5620009B50F9 /* Info.plist */,
				529C4AD6219B561F009B50F9 /* ChristmasList.xcdatamodeld */,
			);
			path = ChristmasList;
			sourceTree = "<group>";
		};
		529C4AE6219B5621009B50F9 /* ChristmasListUITests */ = {
			isa = PBXGroup;
			children = (
				529C4AE7219B5621009B50F9 /* ChristmasListUITests.swift */,
				529C4AE9219B5621009B50F9 /* Info.plist */,
			);
			path = ChristmasListUITests;
			sourceTree = "<group>";
		};
/* End PBXGroup section */

/* Begin PBXNativeTarget section */
		529C4ACB219B561F009B50F9 /* ChristmasList */ = {
			isa = PBXNativeTarget;
			buildConfigurationList = 529C4AEC219B5621009B50F9 /* Build configuration list for PBXNativeTarget "ChristmasList" */;
			buildPhases = (
				529C4AC8219B561F009B50F9 /* Sources */,
				529C4AC9219B561F009B50F9 /* Frameworks */,
				529C4ACA219B561F009B50F9 /* Resources */,
			);
			buildRules = (
			);
			dependencies = (
			);
			name = ChristmasList;
			productName = ChristmasList;
			productReference = 529C4ACC219B561F009B50F9 /* ChristmasList.app */;
			productType = "com.apple.product-type.application";
		};
		529C4AE2219B5621009B50F9 /* ChristmasListUITests */ = {
			isa = PBXNativeTarget;
			buildConfigurationList = 529C4AEF219B5621009B50F9 /* Build configuration list for PBXNativeTarget "ChristmasListUITests" */;
			buildPhases = (
				529C4ADF219B5621009B50F9 /* Sources */,
				529C4AE0219B5621009B50F9 /* Frameworks */,
				529C4AE1219B5621009B50F9 /* Resources */,
			);
			buildRules = (
			);
			dependencies = (
				529C4AE5219B5621009B50F9 /* PBXTargetDependency */,
			);
			name = ChristmasListUITests;
			productName = ChristmasListUITests;
			productReference = 529C4AE3219B5621009B50F9 /* ChristmasListUITests.xctest */;
			productType = "com.apple.product-type.bundle.ui-testing";
		};
/* End PBXNativeTarget section */

/* Begin PBXProject section */
		529C4AC4219B561F009B50F9 /* Project object */ = {
			isa = PBXProject;
			attributes = {
				LastSwiftUpdateCheck = 1010;
				LastUpgradeCheck = 1010;
				ORGANIZATIONNAME = DLM;
				TargetAttributes = {
					529C4ACB219B561F009B50F9 = {
						CreatedOnToolsVersion = 10.1;
					};
					529C4AE2219B5621009B50F9 = {
						CreatedOnToolsVersion = 10.1;
						TestTargetID = 529C4ACB219B561F009B50F9;
					};
				};
			};
			buildConfigurationList = 529C4AC7219B561F009B50F9 /* Build configuration list for PBXProject "ChristmasList" */;
			compatibilityVersion = "Xcode 9.3";
			developmentRegion = en;
			hasScannedForEncodings = 0;
			knownRegions = (
				en,
				Base,
			);
			mainGroup = 529C4AC3219B561F009B50F9;
			productRefGroup = 529C4ACD219B561F009B50F9 /* Products */;
			projectDirPath = "";
			projectRoot = "";
			targets = (
				529C4ACB219B561F009B50F9 /* ChristmasList */,
				529C4AE2219B5621009B50F9 /* ChristmasListUITests */,
			);
		};
/* End PBXProject section */

/* Begin PBXResourcesBuildPhase section */
		529C4ACA219B561F009B50F9 /* Resources */ = {
			isa = PBXResourcesBuildPhase;
			buildActionMask = 2147483647;
			files = (
				529C4ADD219B5620009B50F9 /* LaunchScreen.storyboard in Resources */,
				529C4ADA219B5620009B50F9 /* Assets.xcassets in Resources */,
				529C4AD5219B561F009B50F9 /* Main.storyboard in Resources */,
			);
			runOnlyForDeploymentPostprocessing = 0;
		};
		529C4AE1219B5621009B50F9 /* Resources */ = {
			isa = PBXResourcesBuildPhase;
			buildActionMask = 2147483647;
			files = (
			);
			runOnlyForDeploymentPostprocessing = 0;
		};
/* End PBXResourcesBuildPhase section */

/* Begin PBXSourcesBuildPhase section */
		529C4AC8219B561F009B50F9 /* Sources */ = {
			isa = PBXSourcesBuildPhase;
			buildActionMask = 2147483647;
			files = (
				529C4AD8219B561F009B50F9 /* ChristmasList.xcdatamodeld in Sources */,
				529C4AD2219B561F009B50F9 /* ViewController.swift in Sources */,
				529C4AD0219B561F009B50F9 /* AppDelegate.swift in Sources */,
			);
			runOnlyForDeploymentPostprocessing = 0;
		};
		529C4ADF219B5621009B50F9 /* Sources */ = {
			isa = PBXSourcesBuildPhase;
			buildActionMask = 2147483647;
			files = (
				529C4AE8219B5621009B50F9 /* ChristmasListUITests.swift in Sources */,
			);
			runOnlyForDeploymentPostprocessing = 0;
		};
/* End PBXSourcesBuildPhase section */

/* Begin PBXTargetDependency section */
		529C4AE5219B5621009B50F9 /* PBXTargetDependency */ = {
			isa = PBXTargetDependency;
			target = 529C4ACB219B561F009B50F9 /* ChristmasList */;
			targetProxy = 529C4AE4219B5621009B50F9 /* PBXContainerItemProxy */;
		};
/* End PBXTargetDependency section */

/* Begin PBXVariantGroup section */
		529C4AD3219B561F009B50F9 /* Main.storyboard */ = {
			isa = PBXVariantGroup;
			children = (
				529C4AD4219B561F009B50F9 /* Base */,
			);
			name = Main.storyboard;
			sourceTree = "<group>";
		};
		529C4ADB219B5620009B50F9 /* LaunchScreen.storyboard */ = {
			isa = PBXVariantGroup;
			children = (
				529C4ADC219B5620009B50F9 /* Base */,
			);
			name = LaunchScreen.storyboard;
			sourceTree = "<group>";
		};
/* End PBXVariantGroup section */

/* Begin XCBuildConfiguration section */
		529C4AEA219B5621009B50F9 /* Debug */ = {
			isa = XCBuildConfiguration;
			buildSettings = {
				ALWAYS_SEARCH_USER_PATHS = NO;
				CLANG_ANALYZER_NONNULL = YES;
				CLANG_ANALYZER_NUMBER_OBJECT_CONVERSION = YES_AGGRESSIVE;
				CLANG_CXX_LANGUAGE_STANDARD = "gnu++14";
				CLANG_CXX_LIBRARY = "libc++";
				CLANG_ENABLE_MODULES = YES;
				CLANG_ENABLE_OBJC_ARC = YES;
				CLANG_ENABLE_OBJC_WEAK = YES;
				CLANG_WARN_BLOCK_CAPTURE_AUTORELEASING = YES;
				CLANG_WARN_BOOL_CONVERSION = YES;
				CLANG_WARN_COMMA = YES;
				CLANG_WARN_CONSTANT_CONVERSION = YES;
				CLANG_WARN_DEPRECATED_OBJC_IMPLEMENTATIONS = YES;
				CLANG_WARN_DIRECT_OBJC_ISA_USAGE = YES_ERROR;
				CLANG_WARN_DOCUMENTATION_COMMENTS = YES;
				CLANG_WARN_EMPTY_BODY = YES;
				CLANG_WARN_ENUM_CONVERSION = YES;
				CLANG_WARN_INFINITE_RECURSION = YES;
				CLANG_WARN_INT_CONVERSION = YES;
				CLANG_WARN_NON_LITERAL_NULL_CONVERSION = YES;
				CLANG_WARN_OBJC_IMPLICIT_RETAIN_SELF = YES;
				CLANG_WARN_OBJC_LITERAL_CONVERSION = YES;
				CLANG_WARN_OBJC_ROOT_CLASS = YES_ERROR;
				CLANG_WARN_RANGE_LOOP_ANALYSIS = YES;
				CLANG_WARN_STRICT_PROTOTYPES = YES;
				CLANG_WARN_SUSPICIOUS_MOVE = YES;
				CLANG_WARN_UNGUARDED_AVAILABILITY = YES_AGGRESSIVE;
				CLANG_WARN_UNREACHABLE_CODE = YES;
				CLANG_WARN__DUPLICATE_METHOD_MATCH = YES;
				CODE_SIGN_IDENTITY = "iPhone Developer";
				COPY_PHASE_STRIP = NO;
				DEBUG_INFORMATION_FORMAT = dwarf;
				ENABLE_STRICT_OBJC_MSGSEND = YES;
				ENABLE_TESTABILITY = YES;
				GCC_C_LANGUAGE_STANDARD = gnu11;
				GCC_DYNAMIC_NO_PIC = NO;
				GCC_NO_COMMON_BLOCKS = YES;
				GCC_OPTIMIZATION_LEVEL = 0;
				GCC_PREPROCESSOR_DEFINITIONS = (
					"DEBUG=1",
					"$(inherited)",
				);
				GCC_WARN_64_TO_32_BIT_CONVERSION = YES;
				GCC_WARN_ABOUT_RETURN_TYPE = YES_ERROR;
				GCC_WARN_UNDECLARED_SELECTOR = YES;
				GCC_WARN_UNINITIALIZED_AUTOS = YES_AGGRESSIVE;
				GCC_WARN_UNUSED_FUNCTION = YES;
				GCC_WARN_UNUSED_VARIABLE = YES;
				IPHONEOS_DEPLOYMENT_TARGET = 12.1;
				MTL_ENABLE_DEBUG_INFO = INCLUDE_SOURCE;
				MTL_FAST_MATH = YES;
				ONLY_ACTIVE_ARCH = YES;
				SDKROOT = iphoneos;
				SWIFT_ACTIVE_COMPILATION_CONDITIONS = DEBUG;
				SWIFT_OPTIMIZATION_LEVEL = "-Onone";
			};
			name = Debug;
		};
		529C4AEB219B5621009B50F9 /* Release */ = {
			isa = XCBuildConfiguration;
			buildSettings = {
				ALWAYS_SEARCH_USER_PATHS = NO;
				CLANG_ANALYZER_NONNULL = YES;
				CLANG_ANALYZER_NUMBER_OBJECT_CONVERSION = YES_AGGRESSIVE;
				CLANG_CXX_LANGUAGE_STANDARD = "gnu++14";
				CLANG_CXX_LIBRARY = "libc++";
				CLANG_ENABLE_MODULES = YES;
				CLANG_ENABLE_OBJC_ARC = YES;
				CLANG_ENABLE_OBJC_WEAK = YES;
				CLANG_WARN_BLOCK_CAPTURE_AUTORELEASING = YES;
				CLANG_WARN_BOOL_CONVERSION = YES;
				CLANG_WARN_COMMA = YES;
				CLANG_WARN_CONSTANT_CONVERSION = YES;
				CLANG_WARN_DEPRECATED_OBJC_IMPLEMENTATIONS = YES;
				CLANG_WARN_DIRECT_OBJC_ISA_USAGE = YES_ERROR;
				CLANG_WARN_DOCUMENTATION_COMMENTS = YES;
				CLANG_WARN_EMPTY_BODY = YES;
				CLANG_WARN_ENUM_CONVERSION = YES;
				CLANG_WARN_INFINITE_RECURSION = YES;
				CLANG_WARN_INT_CONVERSION = YES;
				CLANG_WARN_NON_LITERAL_NULL_CONVERSION = YES;
				CLANG_WARN_OBJC_IMPLICIT_RETAIN_SELF = YES;
				CLANG_WARN_OBJC_LITERAL_CONVERSION = YES;
				CLANG_WARN_OBJC_ROOT_CLASS = YES_ERROR;
				CLANG_WARN_RANGE_LOOP_ANALYSIS = YES;
				CLANG_WARN_STRICT_PROTOTYPES = YES;
				CLANG_WARN_SUSPICIOUS_MOVE = YES;
				CLANG_WARN_UNGUARDED_AVAILABILITY = YES_AGGRESSIVE;
				CLANG_WARN_UNREACHABLE_CODE = YES;
				CLANG_WARN__DUPLICATE_METHOD_MATCH = YES;
				CODE_SIGN_IDENTITY = "iPhone Developer";
				COPY_PHASE_STRIP = NO;
				DEBUG_INFORMATION_FORMAT = "dwarf-with-dsym";
				ENABLE_NS_ASSERTIONS = NO;
				ENABLE_STRICT_OBJC_MSGSEND = YES;
				GCC_C_LANGUAGE_STANDARD = gnu11;
				GCC_NO_COMMON_BLOCKS = YES;
				GCC_WARN_64_TO_32_BIT_CONVERSION = YES;
				GCC_WARN_ABOUT_RETURN_TYPE = YES_ERROR;
				GCC_WARN_UNDECLARED_SELECTOR = YES;
				GCC_WARN_UNINITIALIZED_AUTOS = YES_AGGRESSIVE;
				GCC_WARN_UNUSED_FUNCTION = YES;
				GCC_WARN_UNUSED_VARIABLE = YES;
				IPHONEOS_DEPLOYMENT_TARGET = 12.1;
				MTL_ENABLE_DEBUG_INFO = NO;
				MTL_FAST_MATH = YES;
				SDKROOT = iphoneos;
				SWIFT_COMPILATION_MODE = wholemodule;
				SWIFT_OPTIMIZATION_LEVEL = "-O";
				VALIDATE_PRODUCT = YES;
			};
			name = Release;
		};
		529C4AED219B5621009B50F9 /* Debug */ = {
			isa = XCBuildConfiguration;
			buildSettings = {
				ASSETCATALOG_COMPILER_APPICON_NAME = AppIcon;
				CODE_SIGN_STYLE = Automatic;
				DEVELOPMENT_TEAM = 6JDY8K98KC;
				INFOPLIST_FILE = ChristmasList/Info.plist;
				LD_RUNPATH_SEARCH_PATHS = (
					"$(inherited)",
					"@executable_path/Frameworks",
				);
				PRODUCT_BUNDLE_IDENTIFIER = com.DLM.ChristmasList;
				PRODUCT_NAME = "$(TARGET_NAME)";
				SWIFT_VERSION = 4.2;
				TARGETED_DEVICE_FAMILY = "1,2";
			};
			name = Debug;
		};
		529C4AEE219B5621009B50F9 /* Release */ = {
			isa = XCBuildConfiguration;
			buildSettings = {
				ASSETCATALOG_COMPILER_APPICON_NAME = AppIcon;
				CODE_SIGN_STYLE = Automatic;
				DEVELOPMENT_TEAM = 6JDY8K98KC;
				INFOPLIST_FILE = ChristmasList/Info.plist;
				LD_RUNPATH_SEARCH_PATHS = (
					"$(inherited)",
					"@executable_path/Frameworks",
				);
				PRODUCT_BUNDLE_IDENTIFIER = com.DLM.ChristmasList;
				PRODUCT_NAME = "$(TARGET_NAME)";
				SWIFT_VERSION = 4.2;
				TARGETED_DEVICE_FAMILY = "1,2";
			};
			name = Release;
		};
		529C4AF0219B5621009B50F9 /* Debug */ = {
			isa = XCBuildConfiguration;
			buildSettings = {
				ALWAYS_EMBED_SWIFT_STANDARD_LIBRARIES = YES;
				CODE_SIGN_STYLE = Automatic;
				DEVELOPMENT_TEAM = 6JDY8K98KC;
				INFOPLIST_FILE = ChristmasListUITests/Info.plist;
				LD_RUNPATH_SEARCH_PATHS = (
					"$(inherited)",
					"@executable_path/Frameworks",
					"@loader_path/Frameworks",
				);
				PRODUCT_BUNDLE_IDENTIFIER = com.DLM.ChristmasListUITests;
				PRODUCT_NAME = "$(TARGET_NAME)";
				SWIFT_VERSION = 4.2;
				TARGETED_DEVICE_FAMILY = "1,2";
				TEST_TARGET_NAME = ChristmasList;
			};
			name = Debug;
		};
		529C4AF1219B5621009B50F9 /* Release */ = {
			isa = XCBuildConfiguration;
			buildSettings = {
				ALWAYS_EMBED_SWIFT_STANDARD_LIBRARIES = YES;
				CODE_SIGN_STYLE = Automatic;
				DEVELOPMENT_TEAM = 6JDY8K98KC;
				INFOPLIST_FILE = ChristmasListUITests/Info.plist;
				LD_RUNPATH_SEARCH_PATHS = (
					"$(inherited)",
					"@executable_path/Frameworks",
					"@loader_path/Frameworks",
				);
				PRODUCT_BUNDLE_IDENTIFIER = com.DLM.ChristmasListUITests;
				PRODUCT_NAME = "$(TARGET_NAME)";
				SWIFT_VERSION = 4.2;
				TARGETED_DEVICE_FAMILY = "1,2";
				TEST_TARGET_NAME = ChristmasList;
			};
			name = Release;
		};
/* End XCBuildConfiguration section */

/* Begin XCConfigurationList section */
		529C4AC7219B561F009B50F9 /* Build configuration list for PBXProject "ChristmasList" */ = {
			isa = XCConfigurationList;
			buildConfigurations = (
				529C4AEA219B5621009B50F9 /* Debug */,
				529C4AEB219B5621009B50F9 /* Release */,
			);
			defaultConfigurationIsVisible = 0;
			defaultConfigurationName = Release;
		};
		529C4AEC219B5621009B50F9 /* Build configuration list for PBXNativeTarget "ChristmasList" */ = {
			isa = XCConfigurationList;
			buildConfigurations = (
				529C4AED219B5621009B50F9 /* Debug */,
				529C4AEE219B5621009B50F9 /* Release */,
			);
			defaultConfigurationIsVisible = 0;
			defaultConfigurationName = Release;
		};
		529C4AEF219B5621009B50F9 /* Build configuration list for PBXNativeTarget "ChristmasListUITests" */ = {
			isa = XCConfigurationList;
			buildConfigurations = (
				529C4AF0219B5621009B50F9 /* Debug */,
				529C4AF1219B5621009B50F9 /* Release */,
			);
			defaultConfigurationIsVisible = 0;
			defaultConfigurationName = Release;
		};
/* End XCConfigurationList section */

/* Begin XCVersionGroup section */
		529C4AD6219B561F009B50F9 /* ChristmasList.xcdatamodeld */ = {
			isa = XCVersionGroup;
			children = (
				529C4AD7219B561F009B50F9 /* ChristmasList.xcdatamodel */,
			);
			currentVersion = 529C4AD7219B561F009B50F9 /* ChristmasList.xcdatamodel */;
			path = ChristmasList.xcdatamodeld;
			sourceTree = "<group>";
			versionGroupType = wrapper.xcdatamodel;
		};
/* End XCVersionGroup section */
	};
	rootObject = 529C4AC4219B561F009B50F9 /* Project object */;
}
